
Microsoft Visual Studio Solution File, Format Version 12.00
# Visual Studio Version 17
VisualStudioVersion = 17.8.34511.84
MinimumVisualStudioVersion = 10.0.40219.1
Project("{FAE04EC0-301F-11D3-BF4B-00C04F79EFBC}") = "BindMultipleModels_In_One_ViewModel.Web", "BindMultipleModels_In_One_ViewModel.Web\BindMultipleModels_In_One_ViewModel.Web.csproj", "{AF372E49-66A5-4EEA-B948-59FC663019E7}"
EndProject
Global
	GlobalSection(SolutionConfigurationPlatforms) = preSolution
		Debug|Any CPU = Debug|Any CPU
		Release|Any CPU = Release|Any CPU
	EndGlobalSection
	GlobalSection(ProjectConfigurationPlatforms) = postSolution
		{AF372E49-66A5-4EEA-B948-59FC663019E7}.Debug|Any CPU.ActiveCfg = Debug|Any CPU
		{AF372E49-66A5-4EEA-B948-59FC663019E7}.Debug|Any CPU.Build.0 = Debug|Any CPU
		{AF372E49-66A5-4EEA-B948-59FC663019E7}.Release|Any CPU.ActiveCfg = Release|Any CPU
		{AF372E49-66A5-4EEA-B948-59FC663019E7}.Release|Any CPU.Build.0 = Release|Any CPU
	EndGlobalSection
	GlobalSection(SolutionProperties) = preSolution
		HideSolutionNode = FALSE
	EndGlobalSection
	GlobalSection(ExtensibilityGlobals) = postSolution
		SolutionGuid = {FBE23DBD-9678-463B-A0AD-99BC84FB6921}
	EndGlobalSection
EndGlobal
